// !$*UTF8*$!
{
	archiveVersion = 1;
	classes = {
	};
	objectVersion = 46;
	objects = {

/* Begin PBXBuildFile section */
		BA5217F71C67A787005E19F7 /* AppDelegate.swift in Sources */ = {isa = PBXBuildFile; fileRef = BA5217F61C67A787005E19F7 /* AppDelegate.swift */; };
		BA5217F91C67A787005E19F7 /* ViewController.swift in Sources */ = {isa = PBXBuildFile; fileRef = BA5217F81C67A787005E19F7 /* ViewController.swift */; };
		BA5217FC1C67A787005E19F7 /* Main.storyboard in Resources */ = {isa = PBXBuildFile; fileRef = BA5217FA1C67A787005E19F7 /* Main.storyboard */; };
		BA5217FE1C67A787005E19F7 /* Assets.xcassets in Resources */ = {isa = PBXBuildFile; fileRef = BA5217FD1C67A787005E19F7 /* Assets.xcassets */; };
		BA5218011C67A787005E19F7 /* LaunchScreen.storyboard in Resources */ = {isa = PBXBuildFile; fileRef = BA5217FF1C67A787005E19F7 /* LaunchScreen.storyboard */; };
		BA52180C1C67A787005E19F7 /* JuegodememoriaTests.swift in Sources */ = {isa = PBXBuildFile; fileRef = BA52180B1C67A787005E19F7 /* JuegodememoriaTests.swift */; };
		BA5218171C67A787005E19F7 /* JuegodememoriaUITests.swift in Sources */ = {isa = PBXBuildFile; fileRef = BA5218161C67A787005E19F7 /* JuegodememoriaUITests.swift */; };
/* End PBXBuildFile section */

/* Begin PBXContainerItemProxy section */
		BA5218081C67A787005E19F7 /* PBXContainerItemProxy */ = {
			isa = PBXContainerItemProxy;
			containerPortal = BA5217EB1C67A787005E19F7 /* Project object */;
			proxyType = 1;
			remoteGlobalIDString = BA5217F21C67A787005E19F7;
			remoteInfo = Juegodememoria;
		};
		BA5218131C67A787005E19F7 /* PBXContainerItemProxy */ = {
			isa = PBXContainerItemProxy;
			containerPortal = BA5217EB1C67A787005E19F7 /* Project object */;
			proxyType = 1;
			remoteGlobalIDString = BA5217F21C67A787005E19F7;
			remoteInfo = Juegodememoria;
		};
/* End PBXContainerItemProxy section */

/* Begin PBXFileReference section */
		BA5217F31C67A787005E19F7 /* Juegodememoria.app */ = {isa = PBXFileReference; explicitFileType = wrapper.application; includeInIndex = 0; path = Juegodememoria.app; sourceTree = BUILT_PRODUCTS_DIR; };
		BA5217F61C67A787005E19F7 /* AppDelegate.swift */ = {isa = PBXFileReference; lastKnownFileType = sourcecode.swift; path = AppDelegate.swift; sourceTree = "<group>"; };
		BA5217F81C67A787005E19F7 /* ViewController.swift */ = {isa = PBXFileReference; lastKnownFileType = sourcecode.swift; path = ViewController.swift; sourceTree = "<group>"; };
		BA5217FB1C67A787005E19F7 /* Base */ = {isa = PBXFileReference; lastKnownFileType = file.storyboard; name = Base; path = Base.lproj/Main.storyboard; sourceTree = "<group>"; };
		BA5217FD1C67A787005E19F7 /* Assets.xcassets */ = {isa = PBXFileReference; lastKnownFileType = folder.assetcatalog; path = Assets.xcassets; sourceTree = "<group>"; };
		BA5218001C67A787005E19F7 /* Base */ = {isa = PBXFileReference; lastKnownFileType = file.storyboard; name = Base; path = Base.lproj/LaunchScreen.storyboard; sourceTree = "<group>"; };
		BA5218021C67A787005E19F7 /* Info.plist */ = {isa = PBXFileReference; lastKnownFileType = text.plist.xml; path = Info.plist; sourceTree = "<group>"; };
		BA5218071C67A787005E19F7 /* JuegodememoriaTests.xctest */ = {isa = PBXFileReference; explicitFileType = wrapper.cfbundle; includeInIndex = 0; path = JuegodememoriaTests.xctest; sourceTree = BUILT_PRODUCTS_DIR; };
		BA52180B1C67A787005E19F7 /* JuegodememoriaTests.swift */ = {isa = PBXFileReference; lastKnownFileType = sourcecode.swift; path = JuegodememoriaTests.swift; sourceTree = "<group>"; };
		BA52180D1C67A787005E19F7 /* Info.plist */ = {isa = PBXFileReference; lastKnownFileType = text.plist.xml; path = Info.plist; sourceTree = "<group>"; };
		BA5218121C67A787005E19F7 /* JuegodememoriaUITests.xctest */ = {isa = PBXFileReference; explicitFileType = wrapper.cfbundle; includeInIndex = 0; path = JuegodememoriaUITests.xctest; sourceTree = BUILT_PRODUCTS_DIR; };
		BA5218161C67A787005E19F7 /* JuegodememoriaUITests.swift */ = {isa = PBXFileReference; lastKnownFileType = sourcecode.swift; path = JuegodememoriaUITests.swift; sourceTree = "<group>"; };
		BA5218181C67A787005E19F7 /* Info.plist */ = {isa = PBXFileReference; lastKnownFileType = text.plist.xml; path = Info.plist; sourceTree = "<group>"; };
/* End PBXFileReference section */

/* Begin PBXFrameworksBuildPhase section */
		BA5217F01C67A787005E19F7 /* Frameworks */ = {
			isa = PBXFrameworksBuildPhase;
			buildActionMask = 2147483647;
			files = (
			);
			runOnlyForDeploymentPostprocessing = 0;
		};
		BA5218041C67A787005E19F7 /* Frameworks */ = {
			isa = PBXFrameworksBuildPhase;
			buildActionMask = 2147483647;
			files = (
			);
			runOnlyForDeploymentPostprocessing = 0;
		};
		BA52180F1C67A787005E19F7 /* Frameworks */ = {
			isa = PBXFrameworksBuildPhase;
			buildActionMask = 2147483647;
			files = (
			);
			runOnlyForDeploymentPostprocessing = 0;
		};
/* End PBXFrameworksBuildPhase section */

/* Begin PBXGroup section */
		BA5217EA1C67A787005E19F7 = {
			isa = PBXGroup;
			children = (
				BA5217F51C67A787005E19F7 /* Juegodememoria */,
				BA52180A1C67A787005E19F7 /* JuegodememoriaTests */,
				BA5218151C67A787005E19F7 /* JuegodememoriaUITests */,
				BA5217F41C67A787005E19F7 /* Products */,
			);
			sourceTree = "<group>";
		};
		BA5217F41C67A787005E19F7 /* Products */ = {
			isa = PBXGroup;
			children = (
				BA5217F31C67A787005E19F7 /* Juegodememoria.app */,
				BA5218071C67A787005E19F7 /* JuegodememoriaTests.xctest */,
				BA5218121C67A787005E19F7 /* JuegodememoriaUITests.xctest */,
			);
			name = Products;
			sourceTree = "<group>";
		};
		BA5217F51C67A787005E19F7 /* Juegodememoria */ = {
			isa = PBXGroup;
			children = (
				BA5217F61C67A787005E19F7 /* AppDelegate.swift */,
				BA5217F81C67A787005E19F7 /* ViewController.swift */,
				BA5217FA1C67A787005E19F7 /* Main.storyboard */,
				BA5217FD1C67A787005E19F7 /* Assets.xcassets */,
				BA5217FF1C67A787005E19F7 /* LaunchScreen.storyboard */,
				BA5218021C67A787005E19F7 /* Info.plist */,
			);
			path = Juegodememoria;
			sourceTree = "<group>";
		};
		BA52180A1C67A787005E19F7 /* JuegodememoriaTests */ = {
			isa = PBXGroup;
			children = (
				BA52180B1C67A787005E19F7 /* JuegodememoriaTests.swift */,
				BA52180D1C67A787005E19F7 /* Info.plist */,
			);
			path = JuegodememoriaTests;
			sourceTree = "<group>";
		};
		BA5218151C67A787005E19F7 /* JuegodememoriaUITests */ = {
			isa = PBXGroup;
			children = (
				BA5218161C67A787005E19F7 /* JuegodememoriaUITests.swift */,
				BA5218181C67A787005E19F7 /* Info.plist */,
			);
			path = JuegodememoriaUITests;
			sourceTree = "<group>";
		};
/* End PBXGroup section */

/* Begin PBXNativeTarget section */
		BA5217F21C67A787005E19F7 /* Juegodememoria */ = {
			isa = PBXNativeTarget;
			buildConfigurationList = BA52181B1C67A787005E19F7 /* Build configuration list for PBXNativeTarget "Juegodememoria" */;
			buildPhases = (
				BA5217EF1C67A787005E19F7 /* Sources */,
				BA5217F01C67A787005E19F7 /* Frameworks */,
				BA5217F11C67A787005E19F7 /* Resources */,
			);
			buildRules = (
			);
			dependencies = (
			);
			name = Juegodememoria;
			productName = Juegodememoria;
			productReference = BA5217F31C67A787005E19F7 /* Juegodememoria.app */;
			productType = "com.apple.product-type.application";
		};
		BA5218061C67A787005E19F7 /* JuegodememoriaTests */ = {
			isa = PBXNativeTarget;
			buildConfigurationList = BA52181E1C67A787005E19F7 /* Build configuration list for PBXNativeTarget "JuegodememoriaTests" */;
			buildPhases = (
				BA5218031C67A787005E19F7 /* Sources */,
				BA5218041C67A787005E19F7 /* Frameworks */,
				BA5218051C67A787005E19F7 /* Resources */,
			);
			buildRules = (
			);
			dependencies = (
				BA5218091C67A787005E19F7 /* PBXTargetDependency */,
			);
			name = JuegodememoriaTests;
			productName = JuegodememoriaTests;
			productReference = BA5218071C67A787005E19F7 /* JuegodememoriaTests.xctest */;
			productType = "com.apple.product-type.bundle.unit-test";
		};
		BA5218111C67A787005E19F7 /* JuegodememoriaUITests */ = {
			isa = PBXNativeTarget;
			buildConfigurationList = BA5218211C67A787005E19F7 /* Build configuration list for PBXNativeTarget "JuegodememoriaUITests" */;
			buildPhases = (
				BA52180E1C67A787005E19F7 /* Sources */,
				BA52180F1C67A787005E19F7 /* Frameworks */,
				BA5218101C67A787005E19F7 /* Resources */,
			);
			buildRules = (
			);
			dependencies = (
				BA5218141C67A787005E19F7 /* PBXTargetDependency */,
			);
			name = JuegodememoriaUITests;
			productName = JuegodememoriaUITests;
			productReference = BA5218121C67A787005E19F7 /* JuegodememoriaUITests.xctest */;
			productType = "com.apple.product-type.bundle.ui-testing";
		};
/* End PBXNativeTarget section */

/* Begin PBXProject section */
		BA5217EB1C67A787005E19F7 /* Project object */ = {
			isa = PBXProject;
			attributes = {
				LastSwiftUpdateCheck = 0720;
				LastUpgradeCheck = 0720;
				ORGANIZATIONNAME = "Ivan Rodriguez";
				TargetAttributes = {
					BA5217F21C67A787005E19F7 = {
						CreatedOnToolsVersion = 7.2;
					};
					BA5218061C67A787005E19F7 = {
						CreatedOnToolsVersion = 7.2;
						TestTargetID = BA5217F21C67A787005E19F7;
					};
					BA5218111C67A787005E19F7 = {
						CreatedOnToolsVersion = 7.2;
						TestTargetID = BA5217F21C67A787005E19F7;
					};
				};
			};
			buildConfigurationList = BA5217EE1C67A787005E19F7 /* Build configuration list for PBXProject "Juegodememoria" */;
			compatibilityVersion = "Xcode 3.2";
			developmentRegion = English;
			hasScannedForEncodings = 0;
			knownRegions = (
				en,
				Base,
			);
			mainGroup = BA5217EA1C67A787005E19F7;
			productRefGroup = BA5217F41C67A787005E19F7 /* Products */;
			projectDirPath = "";
			projectRoot = "";
			targets = (
				BA5217F21C67A787005E19F7 /* Juegodememoria */,
				BA5218061C67A787005E19F7 /* JuegodememoriaTests */,
				BA5218111C67A787005E19F7 /* JuegodememoriaUITests */,
			);
		};
/* End PBXProject section */

/* Begin PBXResourcesBuildPhase section */
		BA5217F11C67A787005E19F7 /* Resources */ = {
			isa = PBXResourcesBuildPhase;
			buildActionMask = 2147483647;
			files = (
				BA5218011C67A787005E19F7 /* LaunchScreen.storyboard in Resources */,
				BA5217FE1C67A787005E19F7 /* Assets.xcassets in Resources */,
				BA5217FC1C67A787005E19F7 /* Main.storyboard in Resources */,
			);
			runOnlyForDeploymentPostprocessing = 0;
		};
		BA5218051C67A787005E19F7 /* Resources */ = {
			isa = PBXResourcesBuildPhase;
			buildActionMask = 2147483647;
			files = (
			);
			runOnlyForDeploymentPostprocessing = 0;
		};
		BA5218101C67A787005E19F7 /* Resources */ = {
			isa = PBXResourcesBuildPhase;
			buildActionMask = 2147483647;
			files = (
			);
			runOnlyForDeploymentPostprocessing = 0;
		};
/* End PBXResourcesBuildPhase section */

/* Begin PBXSourcesBuildPhase section */
		BA5217EF1C67A787005E19F7 /* Sources */ = {
			isa = PBXSourcesBuildPhase;
			buildActionMask = 2147483647;
			files = (
				BA5217F91C67A787005E19F7 /* ViewController.swift in Sources */,
				BA5217F71C67A787005E19F7 /* AppDelegate.swift in Sources */,
			);
			runOnlyForDeploymentPostprocessing = 0;
		};
		BA5218031C67A787005E19F7 /* Sources */ = {
			isa = PBXSourcesBuildPhase;
			buildActionMask = 2147483647;
			files = (
				BA52180C1C67A787005E19F7 /* JuegodememoriaTests.swift in Sources */,
			);
			runOnlyForDeploymentPostprocessing = 0;
		};
		BA52180E1C67A787005E19F7 /* Sources */ = {
			isa = PBXSourcesBuildPhase;
			buildActionMask = 2147483647;
			files = (
				BA5218171C67A787005E19F7 /* JuegodememoriaUITests.swift in Sources */,
			);
			runOnlyForDeploymentPostprocessing = 0;
		};
/* End PBXSourcesBuildPhase section */

/* Begin PBXTargetDependency section */
		BA5218091C67A787005E19F7 /* PBXTargetDependency */ = {
			isa = PBXTargetDependency;
			target = BA5217F21C67A787005E19F7 /* Juegodememoria */;
			targetProxy = BA5218081C67A787005E19F7 /* PBXContainerItemProxy */;
		};
		BA5218141C67A787005E19F7 /* PBXTargetDependency */ = {
			isa = PBXTargetDependency;
			target = BA5217F21C67A787005E19F7 /* Juegodememoria */;
			targetProxy = BA5218131C67A787005E19F7 /* PBXContainerItemProxy */;
		};
/* End PBXTargetDependency section */

/* Begin PBXVariantGroup section */
		BA5217FA1C67A787005E19F7 /* Main.storyboard */ = {
			isa = PBXVariantGroup;
			children = (
				BA5217FB1C67A787005E19F7 /* Base */,
			);
			name = Main.storyboard;
			sourceTree = "<group>";
		};
		BA5217FF1C67A787005E19F7 /* LaunchScreen.storyboard */ = {
			isa = PBXVariantGroup;
			children = (
				BA5218001C67A787005E19F7 /* Base */,
			);
			name = LaunchScreen.storyboard;
			sourceTree = "<group>";
		};
/* End PBXVariantGroup section */

/* Begin XCBuildConfiguration section */
		BA5218191C67A787005E19F7 /* Debug */ = {
			isa = XCBuildConfiguration;
			buildSettings = {
				ALWAYS_SEARCH_USER_PATHS = NO;
				CLANG_CXX_LANGUAGE_STANDARD = "gnu++0x";
				CLANG_CXX_LIBRARY = "libc++";
				CLANG_ENABLE_MODULES = YES;
				CLANG_ENABLE_OBJC_ARC = YES;
				CLANG_WARN_BOOL_CONVERSION = YES;
				CLANG_WARN_CONSTANT_CONVERSION = YES;
				CLANG_WARN_DIRECT_OBJC_ISA_USAGE = YES_ERROR;
				CLANG_WARN_EMPTY_BODY = YES;
				CLANG_WARN_ENUM_CONVERSION = YES;
				CLANG_WARN_INT_CONVERSION = YES;
				CLANG_WARN_OBJC_ROOT_CLASS = YES_ERROR;
				CLANG_WARN_UNREACHABLE_CODE = YES;
				CLANG_WARN__DUPLICATE_METHOD_MATCH = YES;
				"CODE_SIGN_IDENTITY[sdk=iphoneos*]" = "iPhone Developer";
				COPY_PHASE_STRIP = NO;
				DEBUG_INFORMATION_FORMAT = dwarf;
				ENABLE_STRICT_OBJC_MSGSEND = YES;
				ENABLE_TESTABILITY = YES;
				GCC_C_LANGUAGE_STANDARD = gnu99;
				GCC_DYNAMIC_NO_PIC = NO;
				GCC_NO_COMMON_BLOCKS = YES;
				GCC_OPTIMIZATION_LEVEL = 0;
				GCC_PREPROCESSOR_DEFINITIONS = (
					"DEBUG=1",
					"$(inherited)",
				);
				GCC_WARN_64_TO_32_BIT_CONVERSION = YES;
				GCC_WARN_ABOUT_RETURN_TYPE = YES_ERROR;
				GCC_WARN_UNDECLARED_SELECTOR = YES;
				GCC_WARN_UNINITIALIZED_AUTOS = YES_AGGRESSIVE;
				GCC_WARN_UNUSED_FUNCTION = YES;
				GCC_WARN_UNUSED_VARIABLE = YES;
				IPHONEOS_DEPLOYMENT_TARGET = 9.2;
				MTL_ENABLE_DEBUG_INFO = YES;
				ONLY_ACTIVE_ARCH = YES;
				SDKROOT = iphoneos;
				SWIFT_OPTIMIZATION_LEVEL = "-Onone";
				TARGETED_DEVICE_FAMILY = "1,2";
			};
			name = Debug;
		};
		BA52181A1C67A787005E19F7 /* Release */ = {
			isa = XCBuildConfiguration;
			buildSettings = {
				ALWAYS_SEARCH_USER_PATHS = NO;
				CLANG_CXX_LANGUAGE_STANDARD = "gnu++0x";
				CLANG_CXX_LIBRARY = "libc++";
				CLANG_ENABLE_MODULES = YES;
				CLANG_ENABLE_OBJC_ARC = YES;
				CLANG_WARN_BOOL_CONVERSION = YES;
				CLANG_WARN_CONSTANT_CONVERSION = YES;
				CLANG_WARN_DIRECT_OBJC_ISA_USAGE = YES_ERROR;
				CLANG_WARN_EMPTY_BODY = YES;
				CLANG_WARN_ENUM_CONVERSION = YES;
				CLANG_WARN_INT_CONVERSION = YES;
				CLANG_WARN_OBJC_ROOT_CLASS = YES_ERROR;
				CLANG_WARN_UNREACHABLE_CODE = YES;
				CLANG_WARN__DUPLICATE_METHOD_MATCH = YES;
				"CODE_SIGN_IDENTITY[sdk=iphoneos*]" = "iPhone Developer";
				COPY_PHASE_STRIP = NO;
				DEBUG_INFORMATION_FORMAT = "dwarf-with-dsym";
				ENABLE_NS_ASSERTIONS = NO;
				ENABLE_STRICT_OBJC_MSGSEND = YES;
				GCC_C_LANGUAGE_STANDARD = gnu99;
				GCC_NO_COMMON_BLOCKS = YES;
				GCC_WARN_64_TO_32_BIT_CONVERSION = YES;
				GCC_WARN_ABOUT_RETURN_TYPE = YES_ERROR;
				GCC_WARN_UNDECLARED_SELECTOR = YES;
				GCC_WARN_UNINITIALIZED_AUTOS = YES_AGGRESSIVE;
				GCC_WARN_UNUSED_FUNCTION = YES;
				GCC_WARN_UNUSED_VARIABLE = YES;
				IPHONEOS_DEPLOYMENT_TARGET = 9.2;
				MTL_ENABLE_DEBUG_INFO = NO;
				SDKROOT = iphoneos;
				TARGETED_DEVICE_FAMILY = "1,2";
				VALIDATE_PRODUCT = YES;
			};
			name = Release;
		};
		BA52181C1C67A787005E19F7 /* Debug */ = {
			isa = XCBuildConfiguration;
			buildSettings = {
				ASSETCATALOG_COMPILER_APPICON_NAME = AppIcon;
				INFOPLIST_FILE = Juegodememoria/Info.plist;
				LD_RUNPATH_SEARCH_PATHS = "$(inherited) @executable_path/Frameworks";
				PRODUCT_BUNDLE_IDENTIFIER = ivan.Juegodememoria;
				PRODUCT_NAME = "$(TARGET_NAME)";
			};
			name = Debug;
		};
		BA52181D1C67A787005E19F7 /* Release */ = {
			isa = XCBuildConfiguration;
			buildSettings = {
				ASSETCATALOG_COMPILER_APPICON_NAME = AppIcon;
				INFOPLIST_FILE = Juegodememoria/Info.plist;
				LD_RUNPATH_SEARCH_PATHS = "$(inherited) @executable_path/Frameworks";
				PRODUCT_BUNDLE_IDENTIFIER = ivan.Juegodememoria;
				PRODUCT_NAME = "$(TARGET_NAME)";
			};
			name = Release;
		};
		BA52181F1C67A787005E19F7 /* Debug */ = {
			isa = XCBuildConfiguration;
			buildSettings = {
				BUNDLE_LOADER = "$(TEST_HOST)";
				INFOPLIST_FILE = JuegodememoriaTests/Info.plist;
				LD_RUNPATH_SEARCH_PATHS = "$(inherited) @executable_path/Frameworks @loader_path/Frameworks";
				PRODUCT_BUNDLE_IDENTIFIER = ivan.JuegodememoriaTests;
				PRODUCT_NAME = "$(TARGET_NAME)";
				TEST_HOST = "$(BUILT_PRODUCTS_DIR)/Juegodememoria.app/Juegodememoria";
			};
			name = Debug;
		};
		BA5218201C67A787005E19F7 /* Release */ = {
			isa = XCBuildConfiguration;
			buildSettings = {
				BUNDLE_LOADER = "$(TEST_HOST)";
				INFOPLIST_FILE = JuegodememoriaTests/Info.plist;
				LD_RUNPATH_SEARCH_PATHS = "$(inherited) @executable_path/Frameworks @loader_path/Frameworks";
				PRODUCT_BUNDLE_IDENTIFIER = ivan.JuegodememoriaTests;
				PRODUCT_NAME = "$(TARGET_NAME)";
				TEST_HOST = "$(BUILT_PRODUCTS_DIR)/Juegodememoria.app/Juegodememoria";
			};
			name = Release;
		};
		BA5218221C67A787005E19F7 /* Debug */ = {
			isa = XCBuildConfiguration;
			buildSettings = {
				INFOPLIST_FILE = JuegodememoriaUITests/Info.plist;
				LD_RUNPATH_SEARCH_PATHS = "$(inherited) @executable_path/Frameworks @loader_path/Frameworks";
				PRODUCT_BUNDLE_IDENTIFIER = ivan.JuegodememoriaUITests;
				PRODUCT_NAME = "$(TARGET_NAME)";
				TEST_TARGET_NAME = Juegodememoria;
				USES_XCTRUNNER = YES;
			};
			name = Debug;
		};
		BA5218231C67A787005E19F7 /* Release */ = {
			isa = XCBuildConfiguration;
			buildSettings = {
				INFOPLIST_FILE = JuegodememoriaUITests/Info.plist;
				LD_RUNPATH_SEARCH_PATHS = "$(inherited) @executable_path/Frameworks @loader_path/Frameworks";
				PRODUCT_BUNDLE_IDENTIFIER = ivan.JuegodememoriaUITests;
				PRODUCT_NAME = "$(TARGET_NAME)";
				TEST_TARGET_NAME = Juegodememoria;
				USES_XCTRUNNER = YES;
			};
			name = Release;
		};
/* End XCBuildConfiguration section */

/* Begin XCConfigurationList section */
		BA5217EE1C67A787005E19F7 /* Build configuration list for PBXProject "Juegodememoria" */ = {
			isa = XCConfigurationList;
			buildConfigurations = (
				BA5218191C67A787005E19F7 /* Debug */,
				BA52181A1C67A787005E19F7 /* Release */,
			);
			defaultConfigurationIsVisible = 0;
			defaultConfigurationName = Release;
		};
		BA52181B1C67A787005E19F7 /* Build configuration list for PBXNativeTarget "Juegodememoria" */ = {
			isa = XCConfigurationList;
			buildConfigurations = (
				BA52181C1C67A787005E19F7 /* Debug */,
				BA52181D1C67A787005E19F7 /* Release */,
			);
			defaultConfigurationIsVisible = 0;
		};
		BA52181E1C67A787005E19F7 /* Build configuration list for PBXNativeTarget "JuegodememoriaTests" */ = {
			isa = XCConfigurationList;
			buildConfigurations = (
				BA52181F1C67A787005E19F7 /* Debug */,
				BA5218201C67A787005E19F7 /* Release */,
			);
			defaultConfigurationIsVisible = 0;
		};
		BA5218211C67A787005E19F7 /* Build configuration list for PBXNativeTarget "JuegodememoriaUITests" */ = {
			isa = XCConfigurationList;
			buildConfigurations = (
				BA5218221C67A787005E19F7 /* Debug */,
				BA5218231C67A787005E19F7 /* Release */,
			);
			defaultConfigurationIsVisible = 0;
		};
/* End XCConfigurationList section */
	};
	rootObject = BA5217EB1C67A787005E19F7 /* Project object */;
}
